
Microsoft Visual Studio Solution File, Format Version 12.00
# Visual Studio Version 17
VisualStudioVersion = 17.14.36310.24 d17.14
MinimumVisualStudioVersion = 10.0.40219.1
Project("{FAE04EC0-301F-11D3-BF4B-00C04F79EFBC}") = "cadastroRH_csharp", "cadastroRH_csharp.csproj", "{5626B6FA-BC54-467B-B21E-4049E66D8863}"
EndProject
Global
	GlobalSection(SolutionConfigurationPlatforms) = preSolution
		Debug|Any CPU = Debug|Any CPU
		Release|Any CPU = Release|Any CPU
	EndGlobalSection
	GlobalSection(ProjectConfigurationPlatforms) = postSolution
		{5626B6FA-BC54-467B-B21E-4049E66D8863}.Debug|Any CPU.ActiveCfg = Debug|Any CPU
		{5626B6FA-BC54-467B-B21E-4049E66D8863}.Debug|Any CPU.Build.0 = Debug|Any CPU
		{5626B6FA-BC54-467B-B21E-4049E66D8863}.Release|Any CPU.ActiveCfg = Release|Any CPU
		{5626B6FA-BC54-467B-B21E-4049E66D8863}.Release|Any CPU.Build.0 = Release|Any CPU
	EndGlobalSection
	GlobalSection(SolutionProperties) = preSolution
		HideSolutionNode = FALSE
	EndGlobalSection
	GlobalSection(ExtensibilityGlobals) = postSolution
		SolutionGuid = {5422258B-DEB0-4219-925C-EDBD264BED38}
	EndGlobalSection
EndGlobal
